# THIS IS AN AUTOGENERATED FILE. DO NOT EDIT THIS FILE DIRECTLY.
# yarn lockfile v1


bolgia@>=2.7.3:
  version "2.8.3"
  resolved "https://registry.yarnpkg.com/bolgia/-/bolgia-2.8.3.tgz#bae607317a33fbda0c322297b43afd239ea739d2"
  integrity sha512-BEmes/GII/02PNOHWlFUpXfuGPCV7kN4ABw6vmctoctix1PO+55D5GmjdSFAxwee58TC7r9nFm5gNvVE8scv1Q==

train@^4.4.1:
  version "4.4.1"
  resolved "https://registry.yarnpkg.com/train/-/train-4.4.1.tgz#c9989d17480edb31dd68dd8769dfc4d302c2f683"
  integrity sha1-yZidF0gO2zHdaN2Had/E0wLC9oM=
  dependencies:
    bolgia ">=2.7.3"
